
Microsoft Visual Studio Solution File, Format Version 12.00
#
VisualStudioVersion = 17.5.002.0
MinimumVisualStudioVersion = 
Project("{FAE04EC0-301F-11D3-BF4B-00C04F79EFBC}") = "Homework_2_1", "Homework_2\Homework_2_1\Homework_2_1.csproj", "{AE9D8CB3-FE00-445B-85B9-A37735AAD0AB}"
EndProject
Project("{FAE04EC0-301F-11D3-BF4B-00C04F79EFBC}") = "Homework_2_3", "Homework_2\Homework_2_3\Homework_2_3.csproj", "{1E8EBB70-B324-4F42-963A-FB02006831F5}"
EndProject
Project("{FAE04EC0-301F-11D3-BF4B-00C04F79EFBC}") = "Homework_2_4", "Homework_2\Homework_2_4\Homework_2_4.csproj", "{661F7A2C-5258-45DD-B043-475A1AB90CAF}"
EndProject
Project("{FAE04EC0-301F-11D3-BF4B-00C04F79EFBC}") = "Homework_2_5", "Homework_2\Homework_2_5\Homework_2_5.csproj", "{E7C9E709-A43F-4213-880F-852FEAE5BDE9}"
EndProject
Project("{FAE04EC0-301F-11D3-BF4B-00C04F79EFBC}") = "Homework_2_6", "Homework_2\Homework_2_6\Homework_2_6.csproj", "{F8F61DB0-135F-49CE-9DE9-66B6D7B7C4F8}"
EndProject
Project("{FAE04EC0-301F-11D3-BF4B-00C04F79EFBC}") = "Homework_2_2", "Homework_2\Homework_2_2\Homework_2_2.csproj", "{BC4DAD58-EDF1-4CFD-B473-2C3C217B4305}"
EndProject
Project("{FAE04EC0-301F-11D3-BF4B-00C04F79EFBC}") = "Homework_3_1", "Homework_3\Homework_3_1\Homework_3_1.csproj", "{B62CA1D2-B44A-44E4-A064-60102FC8081B}"
EndProject
Project("{FAE04EC0-301F-11D3-BF4B-00C04F79EFBC}") = "Homework_3_2", "Homework_3\Homework_3_2\Homework_3_2.csproj", "{55C1F59A-F15B-485D-B31F-976FE896CBA9}"
EndProject
Project("{FAE04EC0-301F-11D3-BF4B-00C04F79EFBC}") = "Homework_3_3", "Homework_3\Homework_3_3\Homework_3_3.csproj", "{2277FF7C-DE65-4AFD-AF7F-A0750DCAC51D}"
EndProject
Project("{FAE04EC0-301F-11D3-BF4B-00C04F79EFBC}") = "Homework_3_4", "Homework_3\Homework_3_4\Homework_3_4.csproj", "{2057782B-49AB-4E32-A304-185D626FF8AE}"
EndProject
Project("{FAE04EC0-301F-11D3-BF4B-00C04F79EFBC}") = "Homework_4_2", "Homework_4\Homework_4_2\Homework_4_2.csproj", "{3459A1B4-B6BE-4A25-BC41-AB9C9A41F954}"
EndProject
Project("{FAE04EC0-301F-11D3-BF4B-00C04F79EFBC}") = "Homework_4_3", "Homework_4\Homework_4_3\Homework_4_3.csproj", "{A19B5327-6D0C-447B-9F62-5AB01FCE22FF}"
EndProject
Project("{FAE04EC0-301F-11D3-BF4B-00C04F79EFBC}") = "Homework_4_1", "Homework_4\Homework_4_1\Homework_4_1.csproj", "{C7004166-8AD6-432A-9CED-C6AD3C73ACEC}"
EndProject
Project("{FAE04EC0-301F-11D3-BF4B-00C04F79EFBC}") = "Homework_5_1", "Homework_5\Homework_5_1\Homework_5_1.csproj", "{6B082BD6-1ED9-4CDA-A733-55FE8311F03A}"
EndProject
Project("{FAE04EC0-301F-11D3-BF4B-00C04F79EFBC}") = "Homework_5_3", "Homework_5\Homework_5_3\Homework_5_3.csproj", "{B0DAD13C-EF0E-42EE-AFF5-A5CC984655B7}"
EndProject
Project("{FAE04EC0-301F-11D3-BF4B-00C04F79EFBC}") = "Homework_5_4", "Homework_5\Homework_5_4\Homework_5_4.csproj", "{3C4FFF63-5946-42CA-9A0A-588E20159BB2}"
EndProject
Project("{FAE04EC0-301F-11D3-BF4B-00C04F79EFBC}") = "Homework_5_2", "Homework_5\Homework_5_2\Homework_5_2.csproj", "{F684FB23-20AF-432C-8A91-1F634BC52F02}"
EndProject
Project("{FAE04EC0-301F-11D3-BF4B-00C04F79EFBC}") = "Homework_6", "Homework_6\Homework_6.csproj", "{533BE1DA-F10E-4523-B043-52D1EBA2A4AE}"
EndProject
Project("{FAE04EC0-301F-11D3-BF4B-00C04F79EFBC}") = "Homework_7", "Homework_7\Homework_7.csproj", "{2EBD19F3-E9CE-4725-85F5-FA32435615ED}"
EndProject
Project("{FAE04EC0-301F-11D3-BF4B-00C04F79EFBC}") = "Homework_8", "Homework_8\Homework_8.csproj", "{7B4B1CA2-459D-4941-8426-4F995B03AAAC}"
EndProject
Project("{FAE04EC0-301F-11D3-BF4B-00C04F79EFBC}") = "Homework_9_1", "Homework_9\Homework_9_1\Homework_9_1.csproj", "{DB4F82EE-2352-4942-877E-0106A876BD30}"
EndProject
Project("{FAE04EC0-301F-11D3-BF4B-00C04F79EFBC}") = "Homework_9_2", "Homework_9\Homework_9_2\Homework_9_2.csproj", "{B4377503-5C77-474E-81F0-E154847FC657}"
EndProject
Project("{FAE04EC0-301F-11D3-BF4B-00C04F79EFBC}") = "Homework_10_1", "Homework_10\Homework_10_1\Homework_10_1.csproj", "{CAE3E130-C23E-4C6F-8779-65045514FF2C}"
EndProject
Project("{FAE04EC0-301F-11D3-BF4B-00C04F79EFBC}") = "Homework_10_Library", "Homework_10\Homework_10_Library\Homework_10_Library.csproj", "{7D5CF5B1-5F2B-4982-AEEB-11A0E4EEAAE4}"
EndProject
Project("{FAE04EC0-301F-11D3-BF4B-00C04F79EFBC}") = "Homework_10_2", "Homework_10\Homework_10_2\Homework_10_2.csproj", "{D6A8E27C-875E-4189-9DEF-076C05BFC5A8}"
EndProject
Project("{FAE04EC0-301F-11D3-BF4B-00C04F79EFBC}") = "Homework_11", "Homework_11\Homework_11.csproj", "{6EC49FF4-4B87-4CE3-A450-D6A0AE844FC8}"
EndProject
Global
	GlobalSection(SolutionConfigurationPlatforms) = preSolution
		Debug|Any CPU = Debug|Any CPU
		Release|Any CPU = Release|Any CPU
	EndGlobalSection
	GlobalSection(ProjectConfigurationPlatforms) = postSolution
		{AE9D8CB3-FE00-445B-85B9-A37735AAD0AB}.Debug|Any CPU.ActiveCfg = Debug|Any CPU
		{AE9D8CB3-FE00-445B-85B9-A37735AAD0AB}.Debug|Any CPU.Build.0 = Debug|Any CPU
		{AE9D8CB3-FE00-445B-85B9-A37735AAD0AB}.Release|Any CPU.ActiveCfg = Release|Any CPU
		{AE9D8CB3-FE00-445B-85B9-A37735AAD0AB}.Release|Any CPU.Build.0 = Release|Any CPU
		{1E8EBB70-B324-4F42-963A-FB02006831F5}.Debug|Any CPU.ActiveCfg = Debug|Any CPU
		{1E8EBB70-B324-4F42-963A-FB02006831F5}.Debug|Any CPU.Build.0 = Debug|Any CPU
		{1E8EBB70-B324-4F42-963A-FB02006831F5}.Release|Any CPU.ActiveCfg = Release|Any CPU
		{1E8EBB70-B324-4F42-963A-FB02006831F5}.Release|Any CPU.Build.0 = Release|Any CPU
		{661F7A2C-5258-45DD-B043-475A1AB90CAF}.Debug|Any CPU.ActiveCfg = Debug|Any CPU
		{661F7A2C-5258-45DD-B043-475A1AB90CAF}.Debug|Any CPU.Build.0 = Debug|Any CPU
		{661F7A2C-5258-45DD-B043-475A1AB90CAF}.Release|Any CPU.ActiveCfg = Release|Any CPU
		{661F7A2C-5258-45DD-B043-475A1AB90CAF}.Release|Any CPU.Build.0 = Release|Any CPU
		{E7C9E709-A43F-4213-880F-852FEAE5BDE9}.Debug|Any CPU.ActiveCfg = Debug|Any CPU
		{E7C9E709-A43F-4213-880F-852FEAE5BDE9}.Debug|Any CPU.Build.0 = Debug|Any CPU
		{E7C9E709-A43F-4213-880F-852FEAE5BDE9}.Release|Any CPU.ActiveCfg = Release|Any CPU
		{E7C9E709-A43F-4213-880F-852FEAE5BDE9}.Release|Any CPU.Build.0 = Release|Any CPU
		{F8F61DB0-135F-49CE-9DE9-66B6D7B7C4F8}.Debug|Any CPU.ActiveCfg = Debug|Any CPU
		{F8F61DB0-135F-49CE-9DE9-66B6D7B7C4F8}.Debug|Any CPU.Build.0 = Debug|Any CPU
		{F8F61DB0-135F-49CE-9DE9-66B6D7B7C4F8}.Release|Any CPU.ActiveCfg = Release|Any CPU
		{F8F61DB0-135F-49CE-9DE9-66B6D7B7C4F8}.Release|Any CPU.Build.0 = Release|Any CPU
		{BC4DAD58-EDF1-4CFD-B473-2C3C217B4305}.Debug|Any CPU.ActiveCfg = Debug|Any CPU
		{BC4DAD58-EDF1-4CFD-B473-2C3C217B4305}.Debug|Any CPU.Build.0 = Debug|Any CPU
		{BC4DAD58-EDF1-4CFD-B473-2C3C217B4305}.Release|Any CPU.ActiveCfg = Release|Any CPU
		{BC4DAD58-EDF1-4CFD-B473-2C3C217B4305}.Release|Any CPU.Build.0 = Release|Any CPU
		{B62CA1D2-B44A-44E4-A064-60102FC8081B}.Debug|Any CPU.ActiveCfg = Debug|Any CPU
		{B62CA1D2-B44A-44E4-A064-60102FC8081B}.Debug|Any CPU.Build.0 = Debug|Any CPU
		{B62CA1D2-B44A-44E4-A064-60102FC8081B}.Release|Any CPU.ActiveCfg = Release|Any CPU
		{B62CA1D2-B44A-44E4-A064-60102FC8081B}.Release|Any CPU.Build.0 = Release|Any CPU
		{55C1F59A-F15B-485D-B31F-976FE896CBA9}.Debug|Any CPU.ActiveCfg = Debug|Any CPU
		{55C1F59A-F15B-485D-B31F-976FE896CBA9}.Debug|Any CPU.Build.0 = Debug|Any CPU
		{55C1F59A-F15B-485D-B31F-976FE896CBA9}.Release|Any CPU.ActiveCfg = Release|Any CPU
		{55C1F59A-F15B-485D-B31F-976FE896CBA9}.Release|Any CPU.Build.0 = Release|Any CPU
		{2277FF7C-DE65-4AFD-AF7F-A0750DCAC51D}.Debug|Any CPU.ActiveCfg = Debug|Any CPU
		{2277FF7C-DE65-4AFD-AF7F-A0750DCAC51D}.Debug|Any CPU.Build.0 = Debug|Any CPU
		{2277FF7C-DE65-4AFD-AF7F-A0750DCAC51D}.Release|Any CPU.ActiveCfg = Release|Any CPU
		{2277FF7C-DE65-4AFD-AF7F-A0750DCAC51D}.Release|Any CPU.Build.0 = Release|Any CPU
		{2057782B-49AB-4E32-A304-185D626FF8AE}.Debug|Any CPU.ActiveCfg = Debug|Any CPU
		{2057782B-49AB-4E32-A304-185D626FF8AE}.Debug|Any CPU.Build.0 = Debug|Any CPU
		{2057782B-49AB-4E32-A304-185D626FF8AE}.Release|Any CPU.ActiveCfg = Release|Any CPU
		{2057782B-49AB-4E32-A304-185D626FF8AE}.Release|Any CPU.Build.0 = Release|Any CPU
		{3459A1B4-B6BE-4A25-BC41-AB9C9A41F954}.Debug|Any CPU.ActiveCfg = Debug|Any CPU
		{3459A1B4-B6BE-4A25-BC41-AB9C9A41F954}.Debug|Any CPU.Build.0 = Debug|Any CPU
		{3459A1B4-B6BE-4A25-BC41-AB9C9A41F954}.Release|Any CPU.ActiveCfg = Release|Any CPU
		{3459A1B4-B6BE-4A25-BC41-AB9C9A41F954}.Release|Any CPU.Build.0 = Release|Any CPU
		{A19B5327-6D0C-447B-9F62-5AB01FCE22FF}.Debug|Any CPU.ActiveCfg = Debug|Any CPU
		{A19B5327-6D0C-447B-9F62-5AB01FCE22FF}.Debug|Any CPU.Build.0 = Debug|Any CPU
		{A19B5327-6D0C-447B-9F62-5AB01FCE22FF}.Release|Any CPU.ActiveCfg = Release|Any CPU
		{A19B5327-6D0C-447B-9F62-5AB01FCE22FF}.Release|Any CPU.Build.0 = Release|Any CPU
		{C7004166-8AD6-432A-9CED-C6AD3C73ACEC}.Debug|Any CPU.ActiveCfg = Debug|Any CPU
		{C7004166-8AD6-432A-9CED-C6AD3C73ACEC}.Debug|Any CPU.Build.0 = Debug|Any CPU
		{C7004166-8AD6-432A-9CED-C6AD3C73ACEC}.Release|Any CPU.ActiveCfg = Release|Any CPU
		{C7004166-8AD6-432A-9CED-C6AD3C73ACEC}.Release|Any CPU.Build.0 = Release|Any CPU
		{6B082BD6-1ED9-4CDA-A733-55FE8311F03A}.Debug|Any CPU.ActiveCfg = Debug|Any CPU
		{6B082BD6-1ED9-4CDA-A733-55FE8311F03A}.Debug|Any CPU.Build.0 = Debug|Any CPU
		{6B082BD6-1ED9-4CDA-A733-55FE8311F03A}.Release|Any CPU.ActiveCfg = Release|Any CPU
		{6B082BD6-1ED9-4CDA-A733-55FE8311F03A}.Release|Any CPU.Build.0 = Release|Any CPU
		{B0DAD13C-EF0E-42EE-AFF5-A5CC984655B7}.Debug|Any CPU.ActiveCfg = Debug|Any CPU
		{B0DAD13C-EF0E-42EE-AFF5-A5CC984655B7}.Debug|Any CPU.Build.0 = Debug|Any CPU
		{B0DAD13C-EF0E-42EE-AFF5-A5CC984655B7}.Release|Any CPU.ActiveCfg = Release|Any CPU
		{B0DAD13C-EF0E-42EE-AFF5-A5CC984655B7}.Release|Any CPU.Build.0 = Release|Any CPU
		{3C4FFF63-5946-42CA-9A0A-588E20159BB2}.Debug|Any CPU.ActiveCfg = Debug|Any CPU
		{3C4FFF63-5946-42CA-9A0A-588E20159BB2}.Debug|Any CPU.Build.0 = Debug|Any CPU
		{3C4FFF63-5946-42CA-9A0A-588E20159BB2}.Release|Any CPU.ActiveCfg = Release|Any CPU
		{3C4FFF63-5946-42CA-9A0A-588E20159BB2}.Release|Any CPU.Build.0 = Release|Any CPU
		{F684FB23-20AF-432C-8A91-1F634BC52F02}.Debug|Any CPU.ActiveCfg = Debug|Any CPU
		{F684FB23-20AF-432C-8A91-1F634BC52F02}.Debug|Any CPU.Build.0 = Debug|Any CPU
		{F684FB23-20AF-432C-8A91-1F634BC52F02}.Release|Any CPU.ActiveCfg = Release|Any CPU
		{F684FB23-20AF-432C-8A91-1F634BC52F02}.Release|Any CPU.Build.0 = Release|Any CPU
		{533BE1DA-F10E-4523-B043-52D1EBA2A4AE}.Debug|Any CPU.ActiveCfg = Debug|Any CPU
		{533BE1DA-F10E-4523-B043-52D1EBA2A4AE}.Debug|Any CPU.Build.0 = Debug|Any CPU
		{533BE1DA-F10E-4523-B043-52D1EBA2A4AE}.Release|Any CPU.ActiveCfg = Release|Any CPU
		{533BE1DA-F10E-4523-B043-52D1EBA2A4AE}.Release|Any CPU.Build.0 = Release|Any CPU
		{2EBD19F3-E9CE-4725-85F5-FA32435615ED}.Debug|Any CPU.ActiveCfg = Debug|Any CPU
		{2EBD19F3-E9CE-4725-85F5-FA32435615ED}.Debug|Any CPU.Build.0 = Debug|Any CPU
		{2EBD19F3-E9CE-4725-85F5-FA32435615ED}.Release|Any CPU.ActiveCfg = Release|Any CPU
		{2EBD19F3-E9CE-4725-85F5-FA32435615ED}.Release|Any CPU.Build.0 = Release|Any CPU
		{7B4B1CA2-459D-4941-8426-4F995B03AAAC}.Debug|Any CPU.ActiveCfg = Debug|Any CPU
		{7B4B1CA2-459D-4941-8426-4F995B03AAAC}.Debug|Any CPU.Build.0 = Debug|Any CPU
		{7B4B1CA2-459D-4941-8426-4F995B03AAAC}.Release|Any CPU.ActiveCfg = Release|Any CPU
		{7B4B1CA2-459D-4941-8426-4F995B03AAAC}.Release|Any CPU.Build.0 = Release|Any CPU
		{DB4F82EE-2352-4942-877E-0106A876BD30}.Debug|Any CPU.ActiveCfg = Debug|Any CPU
		{DB4F82EE-2352-4942-877E-0106A876BD30}.Debug|Any CPU.Build.0 = Debug|Any CPU
		{DB4F82EE-2352-4942-877E-0106A876BD30}.Release|Any CPU.ActiveCfg = Release|Any CPU
		{DB4F82EE-2352-4942-877E-0106A876BD30}.Release|Any CPU.Build.0 = Release|Any CPU
		{B4377503-5C77-474E-81F0-E154847FC657}.Debug|Any CPU.ActiveCfg = Debug|Any CPU
		{B4377503-5C77-474E-81F0-E154847FC657}.Debug|Any CPU.Build.0 = Debug|Any CPU
		{B4377503-5C77-474E-81F0-E154847FC657}.Release|Any CPU.ActiveCfg = Release|Any CPU
		{B4377503-5C77-474E-81F0-E154847FC657}.Release|Any CPU.Build.0 = Release|Any CPU
		{CAE3E130-C23E-4C6F-8779-65045514FF2C}.Debug|Any CPU.ActiveCfg = Debug|Any CPU
		{CAE3E130-C23E-4C6F-8779-65045514FF2C}.Debug|Any CPU.Build.0 = Debug|Any CPU
		{CAE3E130-C23E-4C6F-8779-65045514FF2C}.Release|Any CPU.ActiveCfg = Release|Any CPU
		{CAE3E130-C23E-4C6F-8779-65045514FF2C}.Release|Any CPU.Build.0 = Release|Any CPU
		{7D5CF5B1-5F2B-4982-AEEB-11A0E4EEAAE4}.Debug|Any CPU.ActiveCfg = Debug|Any CPU
		{7D5CF5B1-5F2B-4982-AEEB-11A0E4EEAAE4}.Debug|Any CPU.Build.0 = Debug|Any CPU
		{7D5CF5B1-5F2B-4982-AEEB-11A0E4EEAAE4}.Release|Any CPU.ActiveCfg = Release|Any CPU
		{7D5CF5B1-5F2B-4982-AEEB-11A0E4EEAAE4}.Release|Any CPU.Build.0 = Release|Any CPU
		{D6A8E27C-875E-4189-9DEF-076C05BFC5A8}.Debug|Any CPU.ActiveCfg = Debug|Any CPU
		{D6A8E27C-875E-4189-9DEF-076C05BFC5A8}.Debug|Any CPU.Build.0 = Debug|Any CPU
		{D6A8E27C-875E-4189-9DEF-076C05BFC5A8}.Release|Any CPU.ActiveCfg = Release|Any CPU
		{D6A8E27C-875E-4189-9DEF-076C05BFC5A8}.Release|Any CPU.Build.0 = Release|Any CPU
		{6EC49FF4-4B87-4CE3-A450-D6A0AE844FC8}.Debug|Any CPU.ActiveCfg = Debug|Any CPU
		{6EC49FF4-4B87-4CE3-A450-D6A0AE844FC8}.Debug|Any CPU.Build.0 = Debug|Any CPU
		{6EC49FF4-4B87-4CE3-A450-D6A0AE844FC8}.Release|Any CPU.ActiveCfg = Release|Any CPU
		{6EC49FF4-4B87-4CE3-A450-D6A0AE844FC8}.Release|Any CPU.Build.0 = Release|Any CPU
	EndGlobalSection
	GlobalSection(SolutionProperties) = preSolution
		HideSolutionNode = FALSE
	EndGlobalSection
	GlobalSection(NestedProjects) = preSolution
	EndGlobalSection
EndGlobal
