
Microsoft Visual Studio Solution File, Format Version 12.00
# Visual Studio Version 17
VisualStudioVersion = 17.5.002.0
MinimumVisualStudioVersion = 10.0.40219.1
Project("{2150E333-8FDC-42A3-9474-1A3956D46DE8}") = "ArtemPosmitiukhaHillel", "ArtemPosmitiukhaHillel", "{7BD8FE10-BEF7-4078-AEFB-EBC4D2DCBD09}"
EndProject
Project("{9A19103F-16F7-4668-BE54-9A1E7A4F7556}") = "Homework_7", "ArtemPosmitiukhaHillel\Homework_7\Homework_7.csproj", "{3AE9C696-C06A-4521-8C9F-B5B61DC11CF2}"
EndProject
Project("{9A19103F-16F7-4668-BE54-9A1E7A4F7556}") = "Homework_8", "ArtemPosmitiukhaHillel\Homework_8\Homework_8.csproj", "{F2EB8DBD-E91D-4ED9-B162-9766940B426E}"
EndProject
Project("{9A19103F-16F7-4668-BE54-9A1E7A4F7556}") = "Homework_6", "ArtemPosmitiukhaHillel\Homework_6\Homework_6.csproj", "{E9018725-C48D-4550-BD2C-8FD8B2E3FA51}"
EndProject
Project("{9A19103F-16F7-4668-BE54-9A1E7A4F7556}") = "Homework_12", "ArtemPosmitiukhaHillel\Homework_12\Homework_12.csproj", "{043E3BB4-E2F6-4008-849C-812B460DEFD1}"
EndProject
Project("{9A19103F-16F7-4668-BE54-9A1E7A4F7556}") = "Homework_11", "ArtemPosmitiukhaHillel\Homework_11\Homework_11.csproj", "{42644D1E-A4FA-4723-8615-D01CBACF710A}"
EndProject
Project("{2150E333-8FDC-42A3-9474-1A3956D46DE8}") = "Homework_9", "Homework_9", "{AD6AC4B9-430D-44D6-8A02-D3F31C1DF5E9}"
EndProject
Project("{9A19103F-16F7-4668-BE54-9A1E7A4F7556}") = "Homework_9_1", "ArtemPosmitiukhaHillel\Homework_9\Homework_9_1\Homework_9_1.csproj", "{EFF0E13F-1CB4-4A32-A4C6-BBDDDBE20B70}"
EndProject
Project("{9A19103F-16F7-4668-BE54-9A1E7A4F7556}") = "Homework_9_2", "ArtemPosmitiukhaHillel\Homework_9\Homework_9_2\Homework_9_2.csproj", "{90AAFE39-B926-42D3-AD9A-4C32826F2DB5}"
EndProject
Project("{2150E333-8FDC-42A3-9474-1A3956D46DE8}") = "Homework_3", "Homework_3", "{9FCC8955-6AC0-468E-AEF9-C46A491FD02D}"
EndProject
Project("{9A19103F-16F7-4668-BE54-9A1E7A4F7556}") = "Homework_3_1", "ArtemPosmitiukhaHillel\Homework_3\Homework_3_1\Homework_3_1.csproj", "{66DA2D3D-4104-408F-9387-7E8AD6DCF0DA}"
EndProject
Project("{9A19103F-16F7-4668-BE54-9A1E7A4F7556}") = "Homework_3_2", "ArtemPosmitiukhaHillel\Homework_3\Homework_3_2\Homework_3_2.csproj", "{33C5D643-9C0C-444A-B1F0-A3D9A1C41354}"
EndProject
Project("{9A19103F-16F7-4668-BE54-9A1E7A4F7556}") = "Homework_3_3", "ArtemPosmitiukhaHillel\Homework_3\Homework_3_3\Homework_3_3.csproj", "{6BA9F0B6-7427-42B8-924C-A44CF6A843F0}"
EndProject
Project("{9A19103F-16F7-4668-BE54-9A1E7A4F7556}") = "Homework_3_4", "ArtemPosmitiukhaHillel\Homework_3\Homework_3_4\Homework_3_4.csproj", "{550DCD7D-20A0-4F13-AEF2-1F4E26D78AA2}"
EndProject
Project("{2150E333-8FDC-42A3-9474-1A3956D46DE8}") = "Homework_4", "Homework_4", "{18D6B48D-E8A2-49C3-92EC-52D58F2F1A81}"
EndProject
Project("{9A19103F-16F7-4668-BE54-9A1E7A4F7556}") = "Homework_4_1", "ArtemPosmitiukhaHillel\Homework_4\Homework_4_1\Homework_4_1.csproj", "{0558E0AC-B4A4-4B79-92E5-8080BA4C9E8E}"
EndProject
Project("{9A19103F-16F7-4668-BE54-9A1E7A4F7556}") = "Homework_4_3", "ArtemPosmitiukhaHillel\Homework_4\Homework_4_3\Homework_4_3.csproj", "{CE86C6F3-DD83-43BF-9B4E-15CB4BA16B2C}"
EndProject
Project("{9A19103F-16F7-4668-BE54-9A1E7A4F7556}") = "Homework_4_2", "ArtemPosmitiukhaHillel\Homework_4\Homework_4_2\Homework_4_2.csproj", "{C0B4F3F8-93E3-4DE1-AA8C-2BCE852D40FC}"
EndProject
Project("{2150E333-8FDC-42A3-9474-1A3956D46DE8}") = "Homework_5", "Homework_5", "{7C286B2B-5C33-40F0-9E4B-A239D723A5F9}"
EndProject
Project("{9A19103F-16F7-4668-BE54-9A1E7A4F7556}") = "Homework_5_4", "ArtemPosmitiukhaHillel\Homework_5\Homework_5_4\Homework_5_4.csproj", "{F8F571AB-11BF-43F2-849D-16B09508D096}"
EndProject
Project("{9A19103F-16F7-4668-BE54-9A1E7A4F7556}") = "Homework_5_3", "ArtemPosmitiukhaHillel\Homework_5\Homework_5_3\Homework_5_3.csproj", "{FC10C486-D908-4ECD-8C20-EAE7C24EA946}"
EndProject
Project("{9A19103F-16F7-4668-BE54-9A1E7A4F7556}") = "Homework_5_2", "ArtemPosmitiukhaHillel\Homework_5\Homework_5_2\Homework_5_2.csproj", "{582A81CE-7311-43C8-A419-BA44668C32C5}"
EndProject
Project("{9A19103F-16F7-4668-BE54-9A1E7A4F7556}") = "Homework_5_1", "ArtemPosmitiukhaHillel\Homework_5\Homework_5_1\Homework_5_1.csproj", "{269B5B03-A7E4-40D1-AAC4-5809FCFE1794}"
EndProject
Project("{2150E333-8FDC-42A3-9474-1A3956D46DE8}") = "Homework_2", "Homework_2", "{6C1F52AC-7F9D-4569-AEEA-B1DF267F0EE4}"
EndProject
Project("{9A19103F-16F7-4668-BE54-9A1E7A4F7556}") = "Homework_2_2", "ArtemPosmitiukhaHillel\Homework_2\Homework_2_2\Homework_2_2.csproj", "{0D3A9F46-517C-4A5F-B6D4-0EDD13A56069}"
EndProject
Project("{9A19103F-16F7-4668-BE54-9A1E7A4F7556}") = "Homework_2_5", "ArtemPosmitiukhaHillel\Homework_2\Homework_2_5\Homework_2_5.csproj", "{2104762F-FC74-4000-862C-CE7300E0D729}"
EndProject
Project("{9A19103F-16F7-4668-BE54-9A1E7A4F7556}") = "Homework_2_4", "ArtemPosmitiukhaHillel\Homework_2\Homework_2_4\Homework_2_4.csproj", "{81856CC2-D92A-45B3-8244-4C0F18177C54}"
EndProject
Project("{9A19103F-16F7-4668-BE54-9A1E7A4F7556}") = "Homework_2_3", "ArtemPosmitiukhaHillel\Homework_2\Homework_2_3\Homework_2_3.csproj", "{332A289D-1D6B-4B9B-8736-9EC6F9ADB0F3}"
EndProject
Project("{9A19103F-16F7-4668-BE54-9A1E7A4F7556}") = "Homework_2_6", "ArtemPosmitiukhaHillel\Homework_2\Homework_2_6\Homework_2_6.csproj", "{D163E927-6F7B-4806-B95E-4C2510EE1666}"
EndProject
Project("{9A19103F-16F7-4668-BE54-9A1E7A4F7556}") = "Homework_2_1", "ArtemPosmitiukhaHillel\Homework_2\Homework_2_1\Homework_2_1.csproj", "{581E3E61-682D-4F3C-A81B-E72C03121471}"
EndProject
Project("{2150E333-8FDC-42A3-9474-1A3956D46DE8}") = "Homework_10", "Homework_10", "{D72E75A8-FFC6-46B9-8BE3-6761D1A2F67A}"
EndProject
Project("{9A19103F-16F7-4668-BE54-9A1E7A4F7556}") = "Homework_10_2", "ArtemPosmitiukhaHillel\Homework_10\Homework_10_2\Homework_10_2.csproj", "{99D23CA2-CFD6-4044-841C-BCF14E693760}"
EndProject
Project("{9A19103F-16F7-4668-BE54-9A1E7A4F7556}") = "Homework_10_Library", "ArtemPosmitiukhaHillel\Homework_10\Homework_10_Library\Homework_10_Library.csproj", "{716122EC-A297-4AF3-B37E-EB08237CD746}"
EndProject
Project("{9A19103F-16F7-4668-BE54-9A1E7A4F7556}") = "Homework_10_1", "ArtemPosmitiukhaHillel\Homework_10\Homework_10_1\Homework_10_1.csproj", "{15ED553B-EC02-4625-B15A-CFFC659FC10F}"
EndProject
Global
	GlobalSection(SolutionConfigurationPlatforms) = preSolution
		Debug|Any CPU = Debug|Any CPU
		Release|Any CPU = Release|Any CPU
	EndGlobalSection
	GlobalSection(ProjectConfigurationPlatforms) = postSolution
		{3AE9C696-C06A-4521-8C9F-B5B61DC11CF2}.Debug|Any CPU.ActiveCfg = Debug|Any CPU
		{3AE9C696-C06A-4521-8C9F-B5B61DC11CF2}.Debug|Any CPU.Build.0 = Debug|Any CPU
		{3AE9C696-C06A-4521-8C9F-B5B61DC11CF2}.Release|Any CPU.ActiveCfg = Release|Any CPU
		{3AE9C696-C06A-4521-8C9F-B5B61DC11CF2}.Release|Any CPU.Build.0 = Release|Any CPU
		{F2EB8DBD-E91D-4ED9-B162-9766940B426E}.Debug|Any CPU.ActiveCfg = Debug|Any CPU
		{F2EB8DBD-E91D-4ED9-B162-9766940B426E}.Debug|Any CPU.Build.0 = Debug|Any CPU
		{F2EB8DBD-E91D-4ED9-B162-9766940B426E}.Release|Any CPU.ActiveCfg = Release|Any CPU
		{F2EB8DBD-E91D-4ED9-B162-9766940B426E}.Release|Any CPU.Build.0 = Release|Any CPU
		{E9018725-C48D-4550-BD2C-8FD8B2E3FA51}.Debug|Any CPU.ActiveCfg = Debug|Any CPU
		{E9018725-C48D-4550-BD2C-8FD8B2E3FA51}.Debug|Any CPU.Build.0 = Debug|Any CPU
		{E9018725-C48D-4550-BD2C-8FD8B2E3FA51}.Release|Any CPU.ActiveCfg = Release|Any CPU
		{E9018725-C48D-4550-BD2C-8FD8B2E3FA51}.Release|Any CPU.Build.0 = Release|Any CPU
		{043E3BB4-E2F6-4008-849C-812B460DEFD1}.Debug|Any CPU.ActiveCfg = Debug|Any CPU
		{043E3BB4-E2F6-4008-849C-812B460DEFD1}.Debug|Any CPU.Build.0 = Debug|Any CPU
		{043E3BB4-E2F6-4008-849C-812B460DEFD1}.Release|Any CPU.ActiveCfg = Release|Any CPU
		{043E3BB4-E2F6-4008-849C-812B460DEFD1}.Release|Any CPU.Build.0 = Release|Any CPU
		{42644D1E-A4FA-4723-8615-D01CBACF710A}.Debug|Any CPU.ActiveCfg = Debug|Any CPU
		{42644D1E-A4FA-4723-8615-D01CBACF710A}.Debug|Any CPU.Build.0 = Debug|Any CPU
		{42644D1E-A4FA-4723-8615-D01CBACF710A}.Release|Any CPU.ActiveCfg = Release|Any CPU
		{42644D1E-A4FA-4723-8615-D01CBACF710A}.Release|Any CPU.Build.0 = Release|Any CPU
		{EFF0E13F-1CB4-4A32-A4C6-BBDDDBE20B70}.Debug|Any CPU.ActiveCfg = Debug|Any CPU
		{EFF0E13F-1CB4-4A32-A4C6-BBDDDBE20B70}.Debug|Any CPU.Build.0 = Debug|Any CPU
		{EFF0E13F-1CB4-4A32-A4C6-BBDDDBE20B70}.Release|Any CPU.ActiveCfg = Release|Any CPU
		{EFF0E13F-1CB4-4A32-A4C6-BBDDDBE20B70}.Release|Any CPU.Build.0 = Release|Any CPU
		{90AAFE39-B926-42D3-AD9A-4C32826F2DB5}.Debug|Any CPU.ActiveCfg = Debug|Any CPU
		{90AAFE39-B926-42D3-AD9A-4C32826F2DB5}.Debug|Any CPU.Build.0 = Debug|Any CPU
		{90AAFE39-B926-42D3-AD9A-4C32826F2DB5}.Release|Any CPU.ActiveCfg = Release|Any CPU
		{90AAFE39-B926-42D3-AD9A-4C32826F2DB5}.Release|Any CPU.Build.0 = Release|Any CPU
		{66DA2D3D-4104-408F-9387-7E8AD6DCF0DA}.Debug|Any CPU.ActiveCfg = Debug|Any CPU
		{66DA2D3D-4104-408F-9387-7E8AD6DCF0DA}.Debug|Any CPU.Build.0 = Debug|Any CPU
		{66DA2D3D-4104-408F-9387-7E8AD6DCF0DA}.Release|Any CPU.ActiveCfg = Release|Any CPU
		{66DA2D3D-4104-408F-9387-7E8AD6DCF0DA}.Release|Any CPU.Build.0 = Release|Any CPU
		{33C5D643-9C0C-444A-B1F0-A3D9A1C41354}.Debug|Any CPU.ActiveCfg = Debug|Any CPU
		{33C5D643-9C0C-444A-B1F0-A3D9A1C41354}.Debug|Any CPU.Build.0 = Debug|Any CPU
		{33C5D643-9C0C-444A-B1F0-A3D9A1C41354}.Release|Any CPU.ActiveCfg = Release|Any CPU
		{33C5D643-9C0C-444A-B1F0-A3D9A1C41354}.Release|Any CPU.Build.0 = Release|Any CPU
		{6BA9F0B6-7427-42B8-924C-A44CF6A843F0}.Debug|Any CPU.ActiveCfg = Debug|Any CPU
		{6BA9F0B6-7427-42B8-924C-A44CF6A843F0}.Debug|Any CPU.Build.0 = Debug|Any CPU
		{6BA9F0B6-7427-42B8-924C-A44CF6A843F0}.Release|Any CPU.ActiveCfg = Release|Any CPU
		{6BA9F0B6-7427-42B8-924C-A44CF6A843F0}.Release|Any CPU.Build.0 = Release|Any CPU
		{550DCD7D-20A0-4F13-AEF2-1F4E26D78AA2}.Debug|Any CPU.ActiveCfg = Debug|Any CPU
		{550DCD7D-20A0-4F13-AEF2-1F4E26D78AA2}.Debug|Any CPU.Build.0 = Debug|Any CPU
		{550DCD7D-20A0-4F13-AEF2-1F4E26D78AA2}.Release|Any CPU.ActiveCfg = Release|Any CPU
		{550DCD7D-20A0-4F13-AEF2-1F4E26D78AA2}.Release|Any CPU.Build.0 = Release|Any CPU
		{0558E0AC-B4A4-4B79-92E5-8080BA4C9E8E}.Debug|Any CPU.ActiveCfg = Debug|Any CPU
		{0558E0AC-B4A4-4B79-92E5-8080BA4C9E8E}.Debug|Any CPU.Build.0 = Debug|Any CPU
		{0558E0AC-B4A4-4B79-92E5-8080BA4C9E8E}.Release|Any CPU.ActiveCfg = Release|Any CPU
		{0558E0AC-B4A4-4B79-92E5-8080BA4C9E8E}.Release|Any CPU.Build.0 = Release|Any CPU
		{CE86C6F3-DD83-43BF-9B4E-15CB4BA16B2C}.Debug|Any CPU.ActiveCfg = Debug|Any CPU
		{CE86C6F3-DD83-43BF-9B4E-15CB4BA16B2C}.Debug|Any CPU.Build.0 = Debug|Any CPU
		{CE86C6F3-DD83-43BF-9B4E-15CB4BA16B2C}.Release|Any CPU.ActiveCfg = Release|Any CPU
		{CE86C6F3-DD83-43BF-9B4E-15CB4BA16B2C}.Release|Any CPU.Build.0 = Release|Any CPU
		{C0B4F3F8-93E3-4DE1-AA8C-2BCE852D40FC}.Debug|Any CPU.ActiveCfg = Debug|Any CPU
		{C0B4F3F8-93E3-4DE1-AA8C-2BCE852D40FC}.Debug|Any CPU.Build.0 = Debug|Any CPU
		{C0B4F3F8-93E3-4DE1-AA8C-2BCE852D40FC}.Release|Any CPU.ActiveCfg = Release|Any CPU
		{C0B4F3F8-93E3-4DE1-AA8C-2BCE852D40FC}.Release|Any CPU.Build.0 = Release|Any CPU
		{F8F571AB-11BF-43F2-849D-16B09508D096}.Debug|Any CPU.ActiveCfg = Debug|Any CPU
		{F8F571AB-11BF-43F2-849D-16B09508D096}.Debug|Any CPU.Build.0 = Debug|Any CPU
		{F8F571AB-11BF-43F2-849D-16B09508D096}.Release|Any CPU.ActiveCfg = Release|Any CPU
		{F8F571AB-11BF-43F2-849D-16B09508D096}.Release|Any CPU.Build.0 = Release|Any CPU
		{FC10C486-D908-4ECD-8C20-EAE7C24EA946}.Debug|Any CPU.ActiveCfg = Debug|Any CPU
		{FC10C486-D908-4ECD-8C20-EAE7C24EA946}.Debug|Any CPU.Build.0 = Debug|Any CPU
		{FC10C486-D908-4ECD-8C20-EAE7C24EA946}.Release|Any CPU.ActiveCfg = Release|Any CPU
		{FC10C486-D908-4ECD-8C20-EAE7C24EA946}.Release|Any CPU.Build.0 = Release|Any CPU
		{582A81CE-7311-43C8-A419-BA44668C32C5}.Debug|Any CPU.ActiveCfg = Debug|Any CPU
		{582A81CE-7311-43C8-A419-BA44668C32C5}.Debug|Any CPU.Build.0 = Debug|Any CPU
		{582A81CE-7311-43C8-A419-BA44668C32C5}.Release|Any CPU.ActiveCfg = Release|Any CPU
		{582A81CE-7311-43C8-A419-BA44668C32C5}.Release|Any CPU.Build.0 = Release|Any CPU
		{269B5B03-A7E4-40D1-AAC4-5809FCFE1794}.Debug|Any CPU.ActiveCfg = Debug|Any CPU
		{269B5B03-A7E4-40D1-AAC4-5809FCFE1794}.Debug|Any CPU.Build.0 = Debug|Any CPU
		{269B5B03-A7E4-40D1-AAC4-5809FCFE1794}.Release|Any CPU.ActiveCfg = Release|Any CPU
		{269B5B03-A7E4-40D1-AAC4-5809FCFE1794}.Release|Any CPU.Build.0 = Release|Any CPU
		{0D3A9F46-517C-4A5F-B6D4-0EDD13A56069}.Debug|Any CPU.ActiveCfg = Debug|Any CPU
		{0D3A9F46-517C-4A5F-B6D4-0EDD13A56069}.Debug|Any CPU.Build.0 = Debug|Any CPU
		{0D3A9F46-517C-4A5F-B6D4-0EDD13A56069}.Release|Any CPU.ActiveCfg = Release|Any CPU
		{0D3A9F46-517C-4A5F-B6D4-0EDD13A56069}.Release|Any CPU.Build.0 = Release|Any CPU
		{2104762F-FC74-4000-862C-CE7300E0D729}.Debug|Any CPU.ActiveCfg = Debug|Any CPU
		{2104762F-FC74-4000-862C-CE7300E0D729}.Debug|Any CPU.Build.0 = Debug|Any CPU
		{2104762F-FC74-4000-862C-CE7300E0D729}.Release|Any CPU.ActiveCfg = Release|Any CPU
		{2104762F-FC74-4000-862C-CE7300E0D729}.Release|Any CPU.Build.0 = Release|Any CPU
		{81856CC2-D92A-45B3-8244-4C0F18177C54}.Debug|Any CPU.ActiveCfg = Debug|Any CPU
		{81856CC2-D92A-45B3-8244-4C0F18177C54}.Debug|Any CPU.Build.0 = Debug|Any CPU
		{81856CC2-D92A-45B3-8244-4C0F18177C54}.Release|Any CPU.ActiveCfg = Release|Any CPU
		{81856CC2-D92A-45B3-8244-4C0F18177C54}.Release|Any CPU.Build.0 = Release|Any CPU
		{332A289D-1D6B-4B9B-8736-9EC6F9ADB0F3}.Debug|Any CPU.ActiveCfg = Debug|Any CPU
		{332A289D-1D6B-4B9B-8736-9EC6F9ADB0F3}.Debug|Any CPU.Build.0 = Debug|Any CPU
		{332A289D-1D6B-4B9B-8736-9EC6F9ADB0F3}.Release|Any CPU.ActiveCfg = Release|Any CPU
		{332A289D-1D6B-4B9B-8736-9EC6F9ADB0F3}.Release|Any CPU.Build.0 = Release|Any CPU
		{D163E927-6F7B-4806-B95E-4C2510EE1666}.Debug|Any CPU.ActiveCfg = Debug|Any CPU
		{D163E927-6F7B-4806-B95E-4C2510EE1666}.Debug|Any CPU.Build.0 = Debug|Any CPU
		{D163E927-6F7B-4806-B95E-4C2510EE1666}.Release|Any CPU.ActiveCfg = Release|Any CPU
		{D163E927-6F7B-4806-B95E-4C2510EE1666}.Release|Any CPU.Build.0 = Release|Any CPU
		{581E3E61-682D-4F3C-A81B-E72C03121471}.Debug|Any CPU.ActiveCfg = Debug|Any CPU
		{581E3E61-682D-4F3C-A81B-E72C03121471}.Debug|Any CPU.Build.0 = Debug|Any CPU
		{581E3E61-682D-4F3C-A81B-E72C03121471}.Release|Any CPU.ActiveCfg = Release|Any CPU
		{581E3E61-682D-4F3C-A81B-E72C03121471}.Release|Any CPU.Build.0 = Release|Any CPU
		{99D23CA2-CFD6-4044-841C-BCF14E693760}.Debug|Any CPU.ActiveCfg = Debug|Any CPU
		{99D23CA2-CFD6-4044-841C-BCF14E693760}.Debug|Any CPU.Build.0 = Debug|Any CPU
		{99D23CA2-CFD6-4044-841C-BCF14E693760}.Release|Any CPU.ActiveCfg = Release|Any CPU
		{99D23CA2-CFD6-4044-841C-BCF14E693760}.Release|Any CPU.Build.0 = Release|Any CPU
		{716122EC-A297-4AF3-B37E-EB08237CD746}.Debug|Any CPU.ActiveCfg = Debug|Any CPU
		{716122EC-A297-4AF3-B37E-EB08237CD746}.Debug|Any CPU.Build.0 = Debug|Any CPU
		{716122EC-A297-4AF3-B37E-EB08237CD746}.Release|Any CPU.ActiveCfg = Release|Any CPU
		{716122EC-A297-4AF3-B37E-EB08237CD746}.Release|Any CPU.Build.0 = Release|Any CPU
		{15ED553B-EC02-4625-B15A-CFFC659FC10F}.Debug|Any CPU.ActiveCfg = Debug|Any CPU
		{15ED553B-EC02-4625-B15A-CFFC659FC10F}.Debug|Any CPU.Build.0 = Debug|Any CPU
		{15ED553B-EC02-4625-B15A-CFFC659FC10F}.Release|Any CPU.ActiveCfg = Release|Any CPU
		{15ED553B-EC02-4625-B15A-CFFC659FC10F}.Release|Any CPU.Build.0 = Release|Any CPU
	EndGlobalSection
	GlobalSection(SolutionProperties) = preSolution
		HideSolutionNode = FALSE
	EndGlobalSection
	GlobalSection(NestedProjects) = preSolution
		{3AE9C696-C06A-4521-8C9F-B5B61DC11CF2} = {7BD8FE10-BEF7-4078-AEFB-EBC4D2DCBD09}
		{F2EB8DBD-E91D-4ED9-B162-9766940B426E} = {7BD8FE10-BEF7-4078-AEFB-EBC4D2DCBD09}
		{E9018725-C48D-4550-BD2C-8FD8B2E3FA51} = {7BD8FE10-BEF7-4078-AEFB-EBC4D2DCBD09}
		{043E3BB4-E2F6-4008-849C-812B460DEFD1} = {7BD8FE10-BEF7-4078-AEFB-EBC4D2DCBD09}
		{42644D1E-A4FA-4723-8615-D01CBACF710A} = {7BD8FE10-BEF7-4078-AEFB-EBC4D2DCBD09}
		{AD6AC4B9-430D-44D6-8A02-D3F31C1DF5E9} = {7BD8FE10-BEF7-4078-AEFB-EBC4D2DCBD09}
		{EFF0E13F-1CB4-4A32-A4C6-BBDDDBE20B70} = {AD6AC4B9-430D-44D6-8A02-D3F31C1DF5E9}
		{90AAFE39-B926-42D3-AD9A-4C32826F2DB5} = {AD6AC4B9-430D-44D6-8A02-D3F31C1DF5E9}
		{9FCC8955-6AC0-468E-AEF9-C46A491FD02D} = {7BD8FE10-BEF7-4078-AEFB-EBC4D2DCBD09}
		{66DA2D3D-4104-408F-9387-7E8AD6DCF0DA} = {9FCC8955-6AC0-468E-AEF9-C46A491FD02D}
		{33C5D643-9C0C-444A-B1F0-A3D9A1C41354} = {9FCC8955-6AC0-468E-AEF9-C46A491FD02D}
		{6BA9F0B6-7427-42B8-924C-A44CF6A843F0} = {9FCC8955-6AC0-468E-AEF9-C46A491FD02D}
		{550DCD7D-20A0-4F13-AEF2-1F4E26D78AA2} = {9FCC8955-6AC0-468E-AEF9-C46A491FD02D}
		{18D6B48D-E8A2-49C3-92EC-52D58F2F1A81} = {7BD8FE10-BEF7-4078-AEFB-EBC4D2DCBD09}
		{0558E0AC-B4A4-4B79-92E5-8080BA4C9E8E} = {18D6B48D-E8A2-49C3-92EC-52D58F2F1A81}
		{CE86C6F3-DD83-43BF-9B4E-15CB4BA16B2C} = {18D6B48D-E8A2-49C3-92EC-52D58F2F1A81}
		{C0B4F3F8-93E3-4DE1-AA8C-2BCE852D40FC} = {18D6B48D-E8A2-49C3-92EC-52D58F2F1A81}
		{7C286B2B-5C33-40F0-9E4B-A239D723A5F9} = {7BD8FE10-BEF7-4078-AEFB-EBC4D2DCBD09}
		{F8F571AB-11BF-43F2-849D-16B09508D096} = {7C286B2B-5C33-40F0-9E4B-A239D723A5F9}
		{FC10C486-D908-4ECD-8C20-EAE7C24EA946} = {7C286B2B-5C33-40F0-9E4B-A239D723A5F9}
		{582A81CE-7311-43C8-A419-BA44668C32C5} = {7C286B2B-5C33-40F0-9E4B-A239D723A5F9}
		{269B5B03-A7E4-40D1-AAC4-5809FCFE1794} = {7C286B2B-5C33-40F0-9E4B-A239D723A5F9}
		{6C1F52AC-7F9D-4569-AEEA-B1DF267F0EE4} = {7BD8FE10-BEF7-4078-AEFB-EBC4D2DCBD09}
		{0D3A9F46-517C-4A5F-B6D4-0EDD13A56069} = {6C1F52AC-7F9D-4569-AEEA-B1DF267F0EE4}
		{2104762F-FC74-4000-862C-CE7300E0D729} = {6C1F52AC-7F9D-4569-AEEA-B1DF267F0EE4}
		{81856CC2-D92A-45B3-8244-4C0F18177C54} = {6C1F52AC-7F9D-4569-AEEA-B1DF267F0EE4}
		{332A289D-1D6B-4B9B-8736-9EC6F9ADB0F3} = {6C1F52AC-7F9D-4569-AEEA-B1DF267F0EE4}
		{D163E927-6F7B-4806-B95E-4C2510EE1666} = {6C1F52AC-7F9D-4569-AEEA-B1DF267F0EE4}
		{581E3E61-682D-4F3C-A81B-E72C03121471} = {6C1F52AC-7F9D-4569-AEEA-B1DF267F0EE4}
		{D72E75A8-FFC6-46B9-8BE3-6761D1A2F67A} = {7BD8FE10-BEF7-4078-AEFB-EBC4D2DCBD09}
		{99D23CA2-CFD6-4044-841C-BCF14E693760} = {D72E75A8-FFC6-46B9-8BE3-6761D1A2F67A}
		{716122EC-A297-4AF3-B37E-EB08237CD746} = {D72E75A8-FFC6-46B9-8BE3-6761D1A2F67A}
		{15ED553B-EC02-4625-B15A-CFFC659FC10F} = {D72E75A8-FFC6-46B9-8BE3-6761D1A2F67A}
	EndGlobalSection
	GlobalSection(ExtensibilityGlobals) = postSolution
		SolutionGuid = {A8E49D39-5E19-44DA-800D-C47884E21629}
	EndGlobalSection
EndGlobal
