
Microsoft Visual Studio Solution File, Format Version 12.00
Project("{FAE04EC0-301F-11D3-BF4B-00C04F79EFBC}") = "Homework2", "Homework2\Homework2.csproj", "{6798942F-D6E9-453C-9C8C-97627CDE378F}"
EndProject
Global
	GlobalSection(SolutionConfigurationPlatforms) = preSolution
		Debug|Any CPU = Debug|Any CPU
		Release|Any CPU = Release|Any CPU
	EndGlobalSection
	GlobalSection(ProjectConfigurationPlatforms) = postSolution
		{6798942F-D6E9-453C-9C8C-97627CDE378F}.Debug|Any CPU.ActiveCfg = Debug|Any CPU
		{6798942F-D6E9-453C-9C8C-97627CDE378F}.Debug|Any CPU.Build.0 = Debug|Any CPU
		{6798942F-D6E9-453C-9C8C-97627CDE378F}.Release|Any CPU.ActiveCfg = Release|Any CPU
		{6798942F-D6E9-453C-9C8C-97627CDE378F}.Release|Any CPU.Build.0 = Release|Any CPU
	EndGlobalSection
EndGlobal
